
Microsoft Visual Studio Solution File, Format Version 12.00
# Visual Studio Version 16
VisualStudioVersion = 16.0.30330.147
MinimumVisualStudioVersion = 10.0.40219.1
Project("{FAE04EC0-301F-11D3-BF4B-00C04F79EFBC}") = "Test_GestForm", "Test_GestForm\Test_GestForm.csproj", "{A22C29BC-2DF6-464C-AEDC-1816F6252A9F}"
EndProject
Global
	GlobalSection(SolutionConfigurationPlatforms) = preSolution
		Debug|Any CPU = Debug|Any CPU
		Release|Any CPU = Release|Any CPU
	EndGlobalSection
	GlobalSection(ProjectConfigurationPlatforms) = postSolution
		{A22C29BC-2DF6-464C-AEDC-1816F6252A9F}.Debug|Any CPU.ActiveCfg = Debug|Any CPU
		{A22C29BC-2DF6-464C-AEDC-1816F6252A9F}.Debug|Any CPU.Build.0 = Debug|Any CPU
		{A22C29BC-2DF6-464C-AEDC-1816F6252A9F}.Release|Any CPU.ActiveCfg = Release|Any CPU
		{A22C29BC-2DF6-464C-AEDC-1816F6252A9F}.Release|Any CPU.Build.0 = Release|Any CPU
	EndGlobalSection
	GlobalSection(SolutionProperties) = preSolution
		HideSolutionNode = FALSE
	EndGlobalSection
	GlobalSection(ExtensibilityGlobals) = postSolution
		SolutionGuid = {FB6F5E98-6976-44E2-A807-DA850FFF2DE7}
	EndGlobalSection
EndGlobal
